<?xml version="1.0" encoding="utf-8"?>
<Project ToolsVersion="4.0" xmlns="http://schemas.microsoft.com/developer/msbuild/2003">
  <ItemGroup>
    <Filter Include="Source Files">
      <UniqueIdentifier>{4FC737F1-C7A5-4376-A066-2A32D752A2FF}</UniqueIdentifier>
      <Extensions>cpp;c;cc;cxx;c++;cppm;ixx;def;odl;idl;hpj;bat;asm;asmx</Extensions>
    </Filter>
    <Filter Include="Header Files">
      <UniqueIdentifier>{93995380-89BD-4b04-88EB-625FBE52EBFB}</UniqueIdentifier>
      <Extensions>h;hh;hpp;hxx;h++;hm;inl;inc;ipp;xsd</Extensions>
    </Filter>
    <Filter Include="Resource Files">
      <UniqueIdentifier>{67DA6AB6-F800-4c08-8B7A-83BB121AAD01}</UniqueIdentifier>
      <Extensions>rc;ico;cur;bmp;dlg;rc2;rct;bin;rgs;gif;jpg;jpeg;jpe;resx;tiff;tif;png;wav;mfcribbon-ms</Extensions>
    </Filter>
    <Filter Include="Dependencies">
      <UniqueIdentifier>{daba2978-c6de-4c23-9a50-5d090583c2e2}</UniqueIdentifier>
    </Filter>
    <Filter Include="Resource Files\textures">
      <UniqueIdentifier>{abf59489-9493-4c8c-abed-19f4b07c3d21}</UniqueIdentifier>
    </Filter>
    <Filter Include="Resource Files\shaders">
      <UniqueIdentifier>{0414e99d-dc71-4e78-83a0-187e2c24feff}</UniqueIdentifier>
    </Filter>
  </ItemGroup>
  <ItemGroup>
    <Library Include="..\..\..\..\OneDrive - University of Tennessee\Documents\glfw-3.3.8.bin.WIN64\glfw-3.3.8.bin.WIN64\lib-vc2022\glfw3.lib">
      <Filter>Dependencies</Filter>
    </Library>
    <Library Include="..\..\..\..\OneDrive - University of Tennessee\Documents\glfw-3.3.8.bin.WIN64\glfw-3.3.8.bin.WIN64\lib-vc2022\glfw3_mt.lib">
      <Filter>Dependencies</Filter>
    </Library>
    <Library Include="..\..\..\..\OneDrive - University of Tennessee\Documents\glfw-3.3.8.bin.WIN64\glfw-3.3.8.bin.WIN64\lib-vc2022\glfw3dll.lib">
      <Filter>Dependencies</Filter>
    </Library>
  </ItemGroup>
  <ItemGroup>
    <None Include="..\..\..\..\OneDrive - University of Tennessee\Documents\glfw-3.3.8.bin.WIN64\glfw-3.3.8.bin.WIN64\lib-vc2022\glfw3.dll">
      <Filter>Dependencies</Filter>
    </None>
    <None Include="packages.config" />
    <None Include="..\..\..\..\Documents\shader.frag">
      <Filter>Source Files</Filter>
    </None>
    <None Include="..\..\..\..\Documents\shader.vert">
      <Filter>Source Files</Filter>
    </None>
    <None Include="..\..\..\..\Documents\fragForPointer.glsl">
      <Filter>Resource Files\shaders</Filter>
    </None>
    <None Include="..\..\..\..\Documents\fragmentShader1.glsl">
      <Filter>Resource Files\shaders</Filter>
    </None>
    <None Include="..\..\..\..\Documents\vertexShader1.glsl">
      <Filter>Resource Files\shaders</Filter>
    </None>
    <None Include="..\..\..\..\Documents\vertForPointer.glsl">
      <Filter>Resource Files\shaders</Filter>
    </None>
    <None Include="..\..\..\..\Documents\shaders\blockShader.glsl">
      <Filter>Resource Files\shaders</Filter>
    </None>
    <None Include="..\..\..\..\Documents\shaders\vertForInventoryMenu.glsl">
      <Filter>Resource Files\shaders</Filter>
    </None>
    <None Include="..\..\..\..\..\..\vslib\irrKlang-64bit-1.5.0\bin\winx64-visualStudio\irrKlang.dll">
      <Filter>Dependencies</Filter>
    </None>
  </ItemGroup>
  <ItemGroup>
    <ClCompile Include="main.cpp">
      <Filter>Source Files</Filter>
    </ClCompile>
    <ClCompile Include="..\..\..\..\..\..\GL\GLAD\src\glad.c">
      <Filter>Source Files</Filter>
    </ClCompile>
  </ItemGroup>
  <ItemGroup>
    <ClInclude Include="..\..\..\..\OneDrive - University of Tennessee\Documents\glad\include\glad\glad.h">
      <Filter>Dependencies</Filter>
    </ClInclude>
    <ClInclude Include="..\..\..\..\OneDrive - University of Tennessee\Documents\glad\include\KHR\khrplatform.h">
      <Filter>Dependencies</Filter>
    </ClInclude>
    <ClInclude Include="..\..\..\..\..\..\GL\GLAD\include\glad\glad.h">
      <Filter>Dependencies</Filter>
    </ClInclude>
    <ClInclude Include="..\..\..\..\..\..\GL\GLAD\include\KHR\khrplatform.h">
      <Filter>Dependencies</Filter>
    </ClInclude>
    <ClInclude Include="shader.hpp">
      <Filter>Source Files</Filter>
    </ClInclude>
    <ClInclude Include="stb_image.h">
      <Filter>Source Files</Filter>
    </ClInclude>
    <ClInclude Include="camera.hpp">
      <Filter>Source Files</Filter>
    </ClInclude>
    <ClInclude Include="Player.hpp">
      <Filter>Source Files</Filter>
    </ClInclude>
    <ClInclude Include="Block.hpp">
      <Filter>Source Files</Filter>
    </ClInclude>
    <ClInclude Include="inventory.hpp">
      <Filter>Source Files</Filter>
    </ClInclude>
    <ClInclude Include="biome.hpp">
      <Filter>Source Files</Filter>
    </ClInclude>
    <ClInclude Include="perlin.hpp">
      <Filter>Source Files</Filter>
    </ClInclude>
    <ClInclude Include="PerlinNoise.hpp">
      <Filter>Source Files</Filter>
    </ClInclude>
  </ItemGroup>
  <ItemGroup>
    <Image Include="..\..\..\..\OneDrive - University of Tennessee\Documents\container.jpg">
      <Filter>Resource Files\textures</Filter>
    </Image>
    <Image Include="..\..\..\..\OneDrive - University of Tennessee\Documents\awesomeface.png">
      <Filter>Resource Files\textures</Filter>
    </Image>
  </ItemGroup>
</Project>